
Microsoft Visual Studio Solution File, Format Version 11.00
# Visual Studio 2010
Project("{FAE04EC0-301F-11D3-BF4B-00C04F79EFBC}") = "YTech.IM.Sense.Core", "app\YTech.IM.Sense.Core\YTech.IM.Sense.Core.csproj", "{3FBA5ABE-E5A6-40E3-A394-F3BD728677FE}"
EndProject
Project("{FAE04EC0-301F-11D3-BF4B-00C04F79EFBC}") = "YTech.IM.Sense.ApplicationServices", "app\YTech.IM.Sense.ApplicationServices\YTech.IM.Sense.ApplicationServices.csproj", "{A5229126-50BA-4193-A937-66D4A61EFD1F}"
EndProject
Project("{FAE04EC0-301F-11D3-BF4B-00C04F79EFBC}") = "YTech.IM.Sense.Data", "app\YTech.IM.Sense.Data\YTech.IM.Sense.Data.csproj", "{DF906DC2-7807-4DDE-B932-83D6E5A3B035}"
EndProject
Project("{FAE04EC0-301F-11D3-BF4B-00C04F79EFBC}") = "YTech.IM.Sense.Web.Controllers", "app\YTech.IM.Sense.Web.Controllers\YTech.IM.Sense.Web.Controllers.csproj", "{21E72368-D226-423D-AF4D-AF00D5180EB6}"
EndProject
Project("{FAE04EC0-301F-11D3-BF4B-00C04F79EFBC}") = "YTech.IM.Sense.Tests", "tests\YTech.IM.Sense.Tests\YTech.IM.Sense.Tests.csproj", "{2D9C3DCE-D43B-4236-8972-C8F07B3FF19B}"
EndProject
Project("{FAE04EC0-301F-11D3-BF4B-00C04F79EFBC}") = "YTech.IM.Sense.Web", "app\YTech.IM.Sense.Web\YTech.IM.Sense.Web.csproj", "{2255C8CE-B234-4E77-ACD6-F347480207B8}"
EndProject
Project("{2150E333-8FDC-42A3-9474-1A3956D46DE8}") = "Code Generation", "Code Generation", "{6ED10701-5655-42C7-9B7B-98BB938039A4}"
EndProject
Project("{FAE04EC0-301F-11D3-BF4B-00C04F79EFBC}") = "CrudScaffolding", "tools\CrudScaffolding\CrudScaffolding.csproj", "{6492D2A1-2361-4B48-B706-241D140A9D7D}"
EndProject
Project("{FAE04EC0-301F-11D3-BF4B-00C04F79EFBC}") = "CrudScaffoldingForEnterpriseApp", "tools\CrudScaffoldingForEnterpriseApp\CrudScaffoldingForEnterpriseApp.csproj", "{CA1A3E02-8C1B-41D7-829E-8D82F9F0DF90}"
EndProject
Project("{FAE04EC0-301F-11D3-BF4B-00C04F79EFBC}") = "YTech.IM.Sense.Enums", "app\YTech.IM.Sense.Enums\YTech.IM.Sense.Enums.csproj", "{07256BF4-72B4-46A8-8EF4-C58E26422306}"
EndProject
Project("{FAE04EC0-301F-11D3-BF4B-00C04F79EFBC}") = "YTech.IM.Sense.WinForms", "app\YTech.IM.Sense.WinForms\YTech.IM.Sense.WinForms.csproj", "{D85B5C8C-83DA-4259-9767-099EC21DBB1B}"
EndProject
Global
	GlobalSection(SolutionConfigurationPlatforms) = preSolution
		Debug|Any CPU = Debug|Any CPU
		Debug|Mixed Platforms = Debug|Mixed Platforms
		Debug|x86 = Debug|x86
		Release|Any CPU = Release|Any CPU
		Release|Mixed Platforms = Release|Mixed Platforms
		Release|x86 = Release|x86
	EndGlobalSection
	GlobalSection(ProjectConfigurationPlatforms) = postSolution
		{3FBA5ABE-E5A6-40E3-A394-F3BD728677FE}.Debug|Any CPU.ActiveCfg = Debug|Any CPU
		{3FBA5ABE-E5A6-40E3-A394-F3BD728677FE}.Debug|Any CPU.Build.0 = Debug|Any CPU
		{3FBA5ABE-E5A6-40E3-A394-F3BD728677FE}.Debug|Mixed Platforms.ActiveCfg = Debug|Any CPU
		{3FBA5ABE-E5A6-40E3-A394-F3BD728677FE}.Debug|Mixed Platforms.Build.0 = Debug|Any CPU
		{3FBA5ABE-E5A6-40E3-A394-F3BD728677FE}.Debug|x86.ActiveCfg = Debug|Any CPU
		{3FBA5ABE-E5A6-40E3-A394-F3BD728677FE}.Release|Any CPU.ActiveCfg = Release|Any CPU
		{3FBA5ABE-E5A6-40E3-A394-F3BD728677FE}.Release|Any CPU.Build.0 = Release|Any CPU
		{3FBA5ABE-E5A6-40E3-A394-F3BD728677FE}.Release|Mixed Platforms.ActiveCfg = Release|Any CPU
		{3FBA5ABE-E5A6-40E3-A394-F3BD728677FE}.Release|Mixed Platforms.Build.0 = Release|Any CPU
		{3FBA5ABE-E5A6-40E3-A394-F3BD728677FE}.Release|x86.ActiveCfg = Release|Any CPU
		{A5229126-50BA-4193-A937-66D4A61EFD1F}.Debug|Any CPU.ActiveCfg = Debug|Any CPU
		{A5229126-50BA-4193-A937-66D4A61EFD1F}.Debug|Any CPU.Build.0 = Debug|Any CPU
		{A5229126-50BA-4193-A937-66D4A61EFD1F}.Debug|Mixed Platforms.ActiveCfg = Debug|Any CPU
		{A5229126-50BA-4193-A937-66D4A61EFD1F}.Debug|Mixed Platforms.Build.0 = Debug|Any CPU
		{A5229126-50BA-4193-A937-66D4A61EFD1F}.Debug|x86.ActiveCfg = Debug|Any CPU
		{A5229126-50BA-4193-A937-66D4A61EFD1F}.Release|Any CPU.ActiveCfg = Release|Any CPU
		{A5229126-50BA-4193-A937-66D4A61EFD1F}.Release|Any CPU.Build.0 = Release|Any CPU
		{A5229126-50BA-4193-A937-66D4A61EFD1F}.Release|Mixed Platforms.ActiveCfg = Release|Any CPU
		{A5229126-50BA-4193-A937-66D4A61EFD1F}.Release|Mixed Platforms.Build.0 = Release|Any CPU
		{A5229126-50BA-4193-A937-66D4A61EFD1F}.Release|x86.ActiveCfg = Release|Any CPU
		{DF906DC2-7807-4DDE-B932-83D6E5A3B035}.Debug|Any CPU.ActiveCfg = Debug|Any CPU
		{DF906DC2-7807-4DDE-B932-83D6E5A3B035}.Debug|Any CPU.Build.0 = Debug|Any CPU
		{DF906DC2-7807-4DDE-B932-83D6E5A3B035}.Debug|Mixed Platforms.ActiveCfg = Debug|Any CPU
		{DF906DC2-7807-4DDE-B932-83D6E5A3B035}.Debug|Mixed Platforms.Build.0 = Debug|Any CPU
		{DF906DC2-7807-4DDE-B932-83D6E5A3B035}.Debug|x86.ActiveCfg = Debug|Any CPU
		{DF906DC2-7807-4DDE-B932-83D6E5A3B035}.Release|Any CPU.ActiveCfg = Release|Any CPU
		{DF906DC2-7807-4DDE-B932-83D6E5A3B035}.Release|Any CPU.Build.0 = Release|Any CPU
		{DF906DC2-7807-4DDE-B932-83D6E5A3B035}.Release|Mixed Platforms.ActiveCfg = Release|Any CPU
		{DF906DC2-7807-4DDE-B932-83D6E5A3B035}.Release|Mixed Platforms.Build.0 = Release|Any CPU
		{DF906DC2-7807-4DDE-B932-83D6E5A3B035}.Release|x86.ActiveCfg = Release|Any CPU
		{21E72368-D226-423D-AF4D-AF00D5180EB6}.Debug|Any CPU.ActiveCfg = Debug|Any CPU
		{21E72368-D226-423D-AF4D-AF00D5180EB6}.Debug|Any CPU.Build.0 = Debug|Any CPU
		{21E72368-D226-423D-AF4D-AF00D5180EB6}.Debug|Mixed Platforms.ActiveCfg = Debug|Any CPU
		{21E72368-D226-423D-AF4D-AF00D5180EB6}.Debug|Mixed Platforms.Build.0 = Debug|Any CPU
		{21E72368-D226-423D-AF4D-AF00D5180EB6}.Debug|x86.ActiveCfg = Debug|Any CPU
		{21E72368-D226-423D-AF4D-AF00D5180EB6}.Release|Any CPU.ActiveCfg = Release|Any CPU
		{21E72368-D226-423D-AF4D-AF00D5180EB6}.Release|Any CPU.Build.0 = Release|Any CPU
		{21E72368-D226-423D-AF4D-AF00D5180EB6}.Release|Mixed Platforms.ActiveCfg = Release|Any CPU
		{21E72368-D226-423D-AF4D-AF00D5180EB6}.Release|Mixed Platforms.Build.0 = Release|Any CPU
		{21E72368-D226-423D-AF4D-AF00D5180EB6}.Release|x86.ActiveCfg = Release|Any CPU
		{2D9C3DCE-D43B-4236-8972-C8F07B3FF19B}.Debug|Any CPU.ActiveCfg = Debug|Any CPU
		{2D9C3DCE-D43B-4236-8972-C8F07B3FF19B}.Debug|Any CPU.Build.0 = Debug|Any CPU
		{2D9C3DCE-D43B-4236-8972-C8F07B3FF19B}.Debug|Mixed Platforms.ActiveCfg = Debug|Any CPU
		{2D9C3DCE-D43B-4236-8972-C8F07B3FF19B}.Debug|x86.ActiveCfg = Debug|Any CPU
		{2D9C3DCE-D43B-4236-8972-C8F07B3FF19B}.Release|Any CPU.ActiveCfg = Release|Any CPU
		{2D9C3DCE-D43B-4236-8972-C8F07B3FF19B}.Release|Any CPU.Build.0 = Release|Any CPU
		{2D9C3DCE-D43B-4236-8972-C8F07B3FF19B}.Release|Mixed Platforms.ActiveCfg = Release|Any CPU
		{2D9C3DCE-D43B-4236-8972-C8F07B3FF19B}.Release|x86.ActiveCfg = Release|Any CPU
		{2255C8CE-B234-4E77-ACD6-F347480207B8}.Debug|Any CPU.ActiveCfg = Debug|Any CPU
		{2255C8CE-B234-4E77-ACD6-F347480207B8}.Debug|Any CPU.Build.0 = Debug|Any CPU
		{2255C8CE-B234-4E77-ACD6-F347480207B8}.Debug|Mixed Platforms.ActiveCfg = Debug|Any CPU
		{2255C8CE-B234-4E77-ACD6-F347480207B8}.Debug|Mixed Platforms.Build.0 = Debug|Any CPU
		{2255C8CE-B234-4E77-ACD6-F347480207B8}.Debug|x86.ActiveCfg = Debug|Any CPU
		{2255C8CE-B234-4E77-ACD6-F347480207B8}.Release|Any CPU.ActiveCfg = Release|Any CPU
		{2255C8CE-B234-4E77-ACD6-F347480207B8}.Release|Any CPU.Build.0 = Release|Any CPU
		{2255C8CE-B234-4E77-ACD6-F347480207B8}.Release|Mixed Platforms.ActiveCfg = Release|Any CPU
		{2255C8CE-B234-4E77-ACD6-F347480207B8}.Release|Mixed Platforms.Build.0 = Release|Any CPU
		{2255C8CE-B234-4E77-ACD6-F347480207B8}.Release|x86.ActiveCfg = Release|Any CPU
		{6492D2A1-2361-4B48-B706-241D140A9D7D}.Debug|Any CPU.ActiveCfg = Debug|Any CPU
		{6492D2A1-2361-4B48-B706-241D140A9D7D}.Debug|Mixed Platforms.ActiveCfg = Debug|Any CPU
		{6492D2A1-2361-4B48-B706-241D140A9D7D}.Debug|x86.ActiveCfg = Debug|Any CPU
		{6492D2A1-2361-4B48-B706-241D140A9D7D}.Release|Any CPU.ActiveCfg = Release|Any CPU
		{6492D2A1-2361-4B48-B706-241D140A9D7D}.Release|Mixed Platforms.ActiveCfg = Release|Any CPU
		{6492D2A1-2361-4B48-B706-241D140A9D7D}.Release|x86.ActiveCfg = Release|Any CPU
		{CA1A3E02-8C1B-41D7-829E-8D82F9F0DF90}.Debug|Any CPU.ActiveCfg = Debug|Any CPU
		{CA1A3E02-8C1B-41D7-829E-8D82F9F0DF90}.Debug|Mixed Platforms.ActiveCfg = Debug|Any CPU
		{CA1A3E02-8C1B-41D7-829E-8D82F9F0DF90}.Debug|x86.ActiveCfg = Debug|Any CPU
		{CA1A3E02-8C1B-41D7-829E-8D82F9F0DF90}.Release|Any CPU.ActiveCfg = Release|Any CPU
		{CA1A3E02-8C1B-41D7-829E-8D82F9F0DF90}.Release|Mixed Platforms.ActiveCfg = Release|Any CPU
		{CA1A3E02-8C1B-41D7-829E-8D82F9F0DF90}.Release|x86.ActiveCfg = Release|Any CPU
		{07256BF4-72B4-46A8-8EF4-C58E26422306}.Debug|Any CPU.ActiveCfg = Debug|Any CPU
		{07256BF4-72B4-46A8-8EF4-C58E26422306}.Debug|Any CPU.Build.0 = Debug|Any CPU
		{07256BF4-72B4-46A8-8EF4-C58E26422306}.Debug|Mixed Platforms.ActiveCfg = Debug|Any CPU
		{07256BF4-72B4-46A8-8EF4-C58E26422306}.Debug|Mixed Platforms.Build.0 = Debug|Any CPU
		{07256BF4-72B4-46A8-8EF4-C58E26422306}.Debug|x86.ActiveCfg = Debug|Any CPU
		{07256BF4-72B4-46A8-8EF4-C58E26422306}.Release|Any CPU.ActiveCfg = Release|Any CPU
		{07256BF4-72B4-46A8-8EF4-C58E26422306}.Release|Any CPU.Build.0 = Release|Any CPU
		{07256BF4-72B4-46A8-8EF4-C58E26422306}.Release|Mixed Platforms.ActiveCfg = Release|Any CPU
		{07256BF4-72B4-46A8-8EF4-C58E26422306}.Release|Mixed Platforms.Build.0 = Release|Any CPU
		{07256BF4-72B4-46A8-8EF4-C58E26422306}.Release|x86.ActiveCfg = Release|Any CPU
		{D85B5C8C-83DA-4259-9767-099EC21DBB1B}.Debug|Any CPU.ActiveCfg = Debug|x86
		{D85B5C8C-83DA-4259-9767-099EC21DBB1B}.Debug|Mixed Platforms.ActiveCfg = Debug|x86
		{D85B5C8C-83DA-4259-9767-099EC21DBB1B}.Debug|Mixed Platforms.Build.0 = Debug|x86
		{D85B5C8C-83DA-4259-9767-099EC21DBB1B}.Debug|x86.ActiveCfg = Debug|x86
		{D85B5C8C-83DA-4259-9767-099EC21DBB1B}.Debug|x86.Build.0 = Debug|x86
		{D85B5C8C-83DA-4259-9767-099EC21DBB1B}.Release|Any CPU.ActiveCfg = Release|x86
		{D85B5C8C-83DA-4259-9767-099EC21DBB1B}.Release|Mixed Platforms.ActiveCfg = Release|x86
		{D85B5C8C-83DA-4259-9767-099EC21DBB1B}.Release|Mixed Platforms.Build.0 = Release|x86
		{D85B5C8C-83DA-4259-9767-099EC21DBB1B}.Release|x86.ActiveCfg = Release|x86
		{D85B5C8C-83DA-4259-9767-099EC21DBB1B}.Release|x86.Build.0 = Release|x86
	EndGlobalSection
	GlobalSection(SolutionProperties) = preSolution
		HideSolutionNode = FALSE
	EndGlobalSection
	GlobalSection(NestedProjects) = preSolution
		{6492D2A1-2361-4B48-B706-241D140A9D7D} = {6ED10701-5655-42C7-9B7B-98BB938039A4}
		{CA1A3E02-8C1B-41D7-829E-8D82F9F0DF90} = {6ED10701-5655-42C7-9B7B-98BB938039A4}
	EndGlobalSection
EndGlobal
